
Microsoft Visual Studio Solution File, Format Version 12.00
# Visual Studio Version 17
VisualStudioVersion = 17.1.32414.318
MinimumVisualStudioVersion = 10.0.40219.1
Project("{FAE04EC0-301F-11D3-BF4B-00C04F79EFBC}") = "SuperHeroAPI", "SuperHeroAPI\SuperHeroAPI.csproj", "{A34CD6D3-D19A-4874-BE2D-A864A48EE541}"
EndProject
Global
	GlobalSection(SolutionConfigurationPlatforms) = preSolution
		Debug|Any CPU = Debug|Any CPU
		Release|Any CPU = Release|Any CPU
	EndGlobalSection
	GlobalSection(ProjectConfigurationPlatforms) = postSolution
		{A34CD6D3-D19A-4874-BE2D-A864A48EE541}.Debug|Any CPU.ActiveCfg = Debug|Any CPU
		{A34CD6D3-D19A-4874-BE2D-A864A48EE541}.Debug|Any CPU.Build.0 = Debug|Any CPU
		{A34CD6D3-D19A-4874-BE2D-A864A48EE541}.Release|Any CPU.ActiveCfg = Release|Any CPU
		{A34CD6D3-D19A-4874-BE2D-A864A48EE541}.Release|Any CPU.Build.0 = Release|Any CPU
	EndGlobalSection
	GlobalSection(SolutionProperties) = preSolution
		HideSolutionNode = FALSE
	EndGlobalSection
	GlobalSection(ExtensibilityGlobals) = postSolution
		SolutionGuid = {2318FFE5-54C8-4264-8273-C3FB1FE206E6}
	EndGlobalSection
EndGlobal
